---
lockfileVersion: 1
lockfileVendor: redhat
arches:
- arch: x86_64
  packages:
  - url: https://cdn-ubi.redhat.com/content/public/ubi/dist/ubi8/8/x86_64/appstream/os/Packages/c/cpp-8.5.0-22.el8_10.x86_64.rpm
    repoid: ubi-8-appstream-rpms
    size: 10923404
    checksum: sha256:8376018e552fa4544c3d10af14be5a80c962494aae4dd538848b9546ef392a98
    name: cpp
    evr: 8.5.0-22.el8_10
    sourcerpm: gcc-8.5.0-22.el8_10.src.rpm
  - url: https://cdn-ubi.redhat.com/content/public/ubi/dist/ubi8/8/x86_64/appstream/os/Packages/g/gcc-8.5.0-22.el8_10.x86_64.rpm
    repoid: ubi-8-appstream-rpms
    size: 24572708
    checksum: sha256:4d283a39969e559c70a93e26d9393e6ec0db39399595deec995f21e277c4c7b2
    name: gcc
    evr: 8.5.0-22.el8_10
    sourcerpm: gcc-8.5.0-22.el8_10.src.rpm
  - url: https://cdn-ubi.redhat.com/content/public/ubi/dist/ubi8/8/x86_64/appstream/os/Packages/i/isl-0.16.1-6.el8.x86_64.rpm
    repoid: ubi-8-appstream-rpms
    size: 861300
    checksum: sha256:67e906b7bf52efc411fcf86568a90d6bf580242a7dc2b2fff813f0864492c7ea
    name: isl
    evr: 0.16.1-6.el8
    sourcerpm: isl-0.16.1-6.el8.src.rpm
  - url: https://cdn-ubi.redhat.com/content/public/ubi/dist/ubi8/8/x86_64/appstream/os/Packages/l/libmpc-1.1.0-9.1.el8.x86_64.rpm
    repoid: ubi-8-appstream-rpms
    size: 62440
    checksum: sha256:230146e73dbaa1a259c2d8f1fbb10026c1726ebf2f14ef7e7e7957eb27b97ae9
    name: libmpc
    evr: 1.1.0-9.1.el8
    sourcerpm: libmpc-1.1.0-9.1.el8.src.rpm
  - url: https://cdn-ubi.redhat.com/content/public/ubi/dist/ubi8/8/x86_64/appstream/os/Packages/p/python39-3.9.19-1.module+el8.10.0+21815+bb024982.x86_64.rpm
    repoid: ubi-8-appstream-rpms
    size: 35330
    checksum: sha256:55d23da6de7c946ee83694bda7eb0c97cddae33780c34009e8aaad4da526c708
    name: python39
    evr: 3.9.19-1.module+el8.10.0+21815+bb024982
    sourcerpm: python39-3.9.19-1.module+el8.10.0+21815+bb024982.src.rpm
  - url: https://cdn-ubi.redhat.com/content/public/ubi/dist/ubi8/8/x86_64/appstream/os/Packages/p/python39-devel-3.9.19-1.module+el8.10.0+21815+bb024982.x86_64.rpm
    repoid: ubi-8-appstream-rpms
    size: 235078
    checksum: sha256:2892cbd874c280c91976d6b76dd1e5dca4e1b547752fb5f52f68adf5510dc995
    name: python39-devel
    evr: 3.9.19-1.module+el8.10.0+21815+bb024982
    sourcerpm: python39-3.9.19-1.module+el8.10.0+21815+bb024982.src.rpm
  - url: https://cdn-ubi.redhat.com/content/public/ubi/dist/ubi8/8/x86_64/appstream/os/Packages/p/python39-libs-3.9.19-1.module+el8.10.0+21815+bb024982.x86_64.rpm
    repoid: ubi-8-appstream-rpms
    size: 8608270
    checksum: sha256:e88fc0fbc885f1ecf4e2db079be4c5ab030571b006c1f54e5203647fa70354df
    name: python39-libs
    evr: 3.9.19-1.module+el8.10.0+21815+bb024982
    sourcerpm: python39-3.9.19-1.module+el8.10.0+21815+bb024982.src.rpm
  - url: https://cdn-ubi.redhat.com/content/public/ubi/dist/ubi8/8/x86_64/appstream/os/Packages/p/python39-pip-20.2.4-9.module+el8.10.0+21329+8d76b841.noarch.rpm
    repoid: ubi-8-appstream-rpms
    size: 1942618
    checksum: sha256:66983024239823459e7a704b9ed4290c482654eb5e8975ad5089852fb7eca813
    name: python39-pip
    evr: 20.2.4-9.module+el8.10.0+21329+8d76b841
    sourcerpm: python3x-pip-20.2.4-9.module+el8.10.0+21329+8d76b841.src.rpm
  - url: https://cdn-ubi.redhat.com/content/public/ubi/dist/ubi8/8/x86_64/appstream/os/Packages/p/python39-pip-wheel-20.2.4-9.module+el8.10.0+21329+8d76b841.noarch.rpm
    repoid: ubi-8-appstream-rpms
    size: 1118026
    checksum: sha256:ad0ed6bbfeeb9e5811b545aeeb5b579bd9e8180ce1a41f9c7fed6701ff0fa36d
    name: python39-pip-wheel
    evr: 20.2.4-9.module+el8.10.0+21329+8d76b841
    sourcerpm: python3x-pip-20.2.4-9.module+el8.10.0+21329+8d76b841.src.rpm
  - url: https://cdn-ubi.redhat.com/content/public/ubi/dist/ubi8/8/x86_64/appstream/os/Packages/p/python39-setuptools-50.3.2-5.module+el8.10.0+20345+671a55aa.noarch.rpm
    repoid: ubi-8-appstream-rpms
    size: 892054
    checksum: sha256:1d8a3d1463003b67b5dfdfdd1ea53d83ae268dc4ee62d79128dd04f974850d7a
    name: python39-setuptools
    evr: 50.3.2-5.module+el8.10.0+20345+671a55aa
    sourcerpm: python3x-setuptools-50.3.2-5.module+el8.10.0+20345+671a55aa.src.rpm
  - url: https://cdn-ubi.redhat.com/content/public/ubi/dist/ubi8/8/x86_64/appstream/os/Packages/p/python39-setuptools-wheel-50.3.2-5.module+el8.10.0+20345+671a55aa.noarch.rpm
    repoid: ubi-8-appstream-rpms
    size: 508822
    checksum: sha256:0ad5ac1e7c0f53a289db25b1ad346f708c13cf659422218ce4313efe57dd536a
    name: python39-setuptools-wheel
    evr: 50.3.2-5.module+el8.10.0+20345+671a55aa
    sourcerpm: python3x-setuptools-50.3.2-5.module+el8.10.0+20345+671a55aa.src.rpm
  - url: https://cdn-ubi.redhat.com/content/public/ubi/dist/ubi8/8/x86_64/baseos/os/Packages/b/binutils-2.30-123.el8.x86_64.rpm
    repoid: ubi-8-baseos-rpms
    size: 6094684
    checksum: sha256:320e7c22d9e27726827d278ca4f585bd6980bff530d8d7c9d759199625cd29f6
    name: binutils
    evr: 2.30-123.el8
    sourcerpm: binutils-2.30-123.el8.src.rpm
  - url: https://cdn-ubi.redhat.com/content/public/ubi/dist/ubi8/8/x86_64/baseos/os/Packages/c/cracklib-2.9.6-15.el8.x86_64.rpm
    repoid: ubi-8-baseos-rpms
    size: 95532
    checksum: sha256:9cf2e24fdbe89f25b8283291fd3fcaf73ca60554bbf5767932c38882cdd0e3c4
    name: cracklib
    evr: 2.9.6-15.el8
    sourcerpm: cracklib-2.9.6-15.el8.src.rpm
  - url: https://cdn-ubi.redhat.com/content/public/ubi/dist/ubi8/8/x86_64/baseos/os/Packages/c/cracklib-dicts-2.9.6-15.el8.x86_64.rpm
    repoid: ubi-8-baseos-rpms
    size: 4144880
    checksum: sha256:3423075b5f924b1512e91fb5c8532ef2768cd2b1b9591e4a2ac3b76d99aa380d
    name: cracklib-dicts
    evr: 2.9.6-15.el8
    sourcerpm: cracklib-2.9.6-15.el8.src.rpm
  - url: https://cdn-ubi.redhat.com/content/public/ubi/dist/ubi8/8/x86_64/baseos/os/Packages/e/expat-2.2.5-13.el8_10.x86_64.rpm
    repoid: ubi-8-baseos-rpms
    size: 116720
    checksum: sha256:2dff8525cdf36fd352bae267c7bed6fdffebc79a75fa39d3d12c7151be7418fa
    name: expat
    evr: 2.2.5-13.el8_10
    sourcerpm: expat-2.2.5-13.el8_10.src.rpm
  - url: https://cdn-ubi.redhat.com/content/public/ubi/dist/ubi8/8/x86_64/baseos/os/Packages/g/gdbm-libs-1.18-2.el8.x86_64.rpm
    repoid: ubi-8-baseos-rpms
    size: 61820
    checksum: sha256:cfa6bd007cf38a40166de803c4aa0ccae2a6f5ffc756efa6e14a2cab228ec22b
    name: gdbm-libs
    evr: 1:1.18-2.el8
    sourcerpm: gdbm-1.18-2.el8.src.rpm
  - url: https://cdn-ubi.redhat.com/content/public/ubi/dist/ubi8/8/x86_64/baseos/os/Packages/g/glibc-devel-2.28-251.el8_10.2.x86_64.rpm
    repoid: ubi-8-baseos-rpms
    size: 89480
    checksum: sha256:24edeaabaa1b0252c56b066d42100e3f937f754d7728c1629e7442afdb993c23
    name: glibc-devel
    evr: 2.28-251.el8_10.2
    sourcerpm: glibc-2.28-251.el8_10.2.src.rpm
  - url: https://cdn-ubi.redhat.com/content/public/ubi/dist/ubi8/8/x86_64/baseos/os/Packages/g/glibc-headers-2.28-251.el8_10.2.x86_64.rpm
    repoid: ubi-8-baseos-rpms
    size: 504104
    checksum: sha256:6558d48aa39bf92dae520ee2bc8a617bc8ad6e749758e650e7e7836f814ee5a1
    name: glibc-headers
    evr: 2.28-251.el8_10.2
    sourcerpm: glibc-2.28-251.el8_10.2.src.rpm
  - url: https://cdn-ubi.redhat.com/content/public/ubi/dist/ubi8/8/x86_64/baseos/os/Packages/g/gzip-1.9-13.el8_5.x86_64.rpm
    repoid: ubi-8-baseos-rpms
    size: 170828
    checksum: sha256:7f80be301cda8a6af027f15898058b1f62a0069f347a84aecb2a9c7b4c6d1ef7
    name: gzip
    evr: 1.9-13.el8_5
    sourcerpm: gzip-1.9-13.el8_5.src.rpm
  - url: https://cdn-ubi.redhat.com/content/public/ubi/dist/ubi8/8/x86_64/baseos/os/Packages/k/kernel-headers-4.18.0-553.16.1.el8_10.x86_64.rpm
    repoid: ubi-8-baseos-rpms
    size: 12350840
    checksum: sha256:bfe45315fb0ae1087a094f7b07d10027278d120702736067c25453a000431789
    name: kernel-headers
    evr: 4.18.0-553.16.1.el8_10
    sourcerpm: kernel-4.18.0-553.16.1.el8_10.src.rpm
  - url: https://cdn-ubi.redhat.com/content/public/ubi/dist/ubi8/8/x86_64/baseos/os/Packages/k/keyutils-libs-devel-1.5.10-9.el8.x86_64.rpm
    repoid: ubi-8-baseos-rpms
    size: 49216
    checksum: sha256:7fa4f4d0a7ae769802925335acad2875491a2d5d0e80ccb269e8c2ff03a35e6f
    name: keyutils-libs-devel
    evr: 1.5.10-9.el8
    sourcerpm: keyutils-1.5.10-9.el8.src.rpm
  - url: https://cdn-ubi.redhat.com/content/public/ubi/dist/ubi8/8/x86_64/baseos/os/Packages/k/krb5-devel-1.18.2-29.el8_10.x86_64.rpm
    repoid: ubi-8-baseos-rpms
    size: 575992
    checksum: sha256:e66507d6a540a2febeb83fd9e819959952664a243eb0688ff8b0090d44e16fb6
    name: krb5-devel
    evr: 1.18.2-29.el8_10
    sourcerpm: krb5-1.18.2-29.el8_10.src.rpm
  - url: https://cdn-ubi.redhat.com/content/public/ubi/dist/ubi8/8/x86_64/baseos/os/Packages/k/krb5-workstation-1.18.2-29.el8_10.x86_64.rpm
    repoid: ubi-8-baseos-rpms
    size: 981796
    checksum: sha256:0e0b8fe7d5a35ea9a0ba5e6e80d27140fa574d80bbfdb16ac5e7da27cd1fd7df
    name: krb5-workstation
    evr: 1.18.2-29.el8_10
    sourcerpm: krb5-1.18.2-29.el8_10.src.rpm
  - url: https://cdn-ubi.redhat.com/content/public/ubi/dist/ubi8/8/x86_64/baseos/os/Packages/l/libcom_err-devel-1.45.6-5.el8.x86_64.rpm
    repoid: ubi-8-baseos-rpms
    size: 39660
    checksum: sha256:daaa2d9c45c10f613fdf08e0ca4187466bb831046391017f6eb5b54d6b42f4ce
    name: libcom_err-devel
    evr: 1.45.6-5.el8
    sourcerpm: e2fsprogs-1.45.6-5.el8.src.rpm
  - url: https://cdn-ubi.redhat.com/content/public/ubi/dist/ubi8/8/x86_64/baseos/os/Packages/l/libffi-devel-3.1-24.el8.x86_64.rpm
    repoid: ubi-8-baseos-rpms
    size: 29780
    checksum: sha256:459cc934d904ac75a9e7df6a59e110be2123a430791abf47b89e0ce1252263d5
    name: libffi-devel
    evr: 3.1-24.el8
    sourcerpm: libffi-3.1-24.el8.src.rpm
  - url: https://cdn-ubi.redhat.com/content/public/ubi/dist/ubi8/8/x86_64/baseos/os/Packages/l/libgomp-8.5.0-22.el8_10.x86_64.rpm
    repoid: ubi-8-baseos-rpms
    size: 213196
    checksum: sha256:87e721009e53e5f1b1d6c1ff2f3c1cc07a68dd43e896cfda1e96cd49949145be
    name: libgomp
    evr: 8.5.0-22.el8_10
    sourcerpm: gcc-8.5.0-22.el8_10.src.rpm
  - url: https://cdn-ubi.redhat.com/content/public/ubi/dist/ubi8/8/x86_64/baseos/os/Packages/l/libkadm5-1.18.2-29.el8_10.x86_64.rpm
    repoid: ubi-8-baseos-rpms
    size: 192940
    checksum: sha256:973070b4340c40bb669d567f1c7eb22e088de73270274d112f56855ac04190e8
    name: libkadm5
    evr: 1.18.2-29.el8_10
    sourcerpm: krb5-1.18.2-29.el8_10.src.rpm
  - url: https://cdn-ubi.redhat.com/content/public/ubi/dist/ubi8/8/x86_64/baseos/os/Packages/l/libnsl2-1.2.0-2.20180605git4a062cf.el8.x86_64.rpm
    repoid: ubi-8-baseos-rpms
    size: 59120
    checksum: sha256:f7e60c8a5eaf056a9c67834671561196b961fba7bc763568f1c01c3ab998bb46
    name: libnsl2
    evr: 1.2.0-2.20180605git4a062cf.el8
    sourcerpm: libnsl2-1.2.0-2.20180605git4a062cf.el8.src.rpm
  - url: https://cdn-ubi.redhat.com/content/public/ubi/dist/ubi8/8/x86_64/baseos/os/Packages/l/libpkgconf-1.4.2-1.el8.x86_64.rpm
    repoid: ubi-8-baseos-rpms
    size: 35620
    checksum: sha256:96fadfed6a8225a89b331e7b62ed8ee74b393cea1520fa0d89f6f0dc1a458fb3
    name: libpkgconf
    evr: 1.4.2-1.el8
    sourcerpm: pkgconf-1.4.2-1.el8.src.rpm
  - url: https://cdn-ubi.redhat.com/content/public/ubi/dist/ubi8/8/x86_64/baseos/os/Packages/l/libpwquality-1.4.4-6.el8.x86_64.rpm
    repoid: ubi-8-baseos-rpms
    size: 109704
    checksum: sha256:ae3dfbc6ca432681b137f76bee081735d61c65db986b1238ed7837e3112d3180
    name: libpwquality
    evr: 1.4.4-6.el8
    sourcerpm: libpwquality-1.4.4-6.el8.src.rpm
  - url: https://cdn-ubi.redhat.com/content/public/ubi/dist/ubi8/8/x86_64/baseos/os/Packages/l/libselinux-devel-2.9-8.el8.x86_64.rpm
    repoid: ubi-8-baseos-rpms
    size: 204972
    checksum: sha256:5f07fe31b09772cfc0c1785504ea36f776026c057611f1e07d632376aaa1d916
    name: libselinux-devel
    evr: 2.9-8.el8
    sourcerpm: libselinux-2.9-8.el8.src.rpm
  - url: https://cdn-ubi.redhat.com/content/public/ubi/dist/ubi8/8/x86_64/baseos/os/Packages/l/libsepol-devel-2.9-3.el8.x86_64.rpm
    repoid: ubi-8-baseos-rpms
    size: 89044
    checksum: sha256:1e1cdf795bc1ec2f86617359de5aaf05f63924679dcffb11e7e3d577ce856d47
    name: libsepol-devel
    evr: 2.9-3.el8
    sourcerpm: libsepol-2.9-3.el8.src.rpm
  - url: https://cdn-ubi.redhat.com/content/public/ubi/dist/ubi8/8/x86_64/baseos/os/Packages/l/libss-1.45.6-5.el8.x86_64.rpm
    repoid: ubi-8-baseos-rpms
    size: 55272
    checksum: sha256:30c6dbc7d2dd8024a16fe2d00b01fa71f4a1ea9d4af5519dc092695d4fa735cf
    name: libss
    evr: 1.45.6-5.el8
    sourcerpm: e2fsprogs-1.45.6-5.el8.src.rpm
  - url: https://cdn-ubi.redhat.com/content/public/ubi/dist/ubi8/8/x86_64/baseos/os/Packages/l/libtirpc-1.1.4-12.el8_10.x86_64.rpm
    repoid: ubi-8-baseos-rpms
    size: 116808
    checksum: sha256:d35b01a79f17bcaca9a774fa78136acadabf6f627db43b7dca43a83a63afffa4
    name: libtirpc
    evr: 1.1.4-12.el8_10
    sourcerpm: libtirpc-1.1.4-12.el8_10.src.rpm
  - url: https://cdn-ubi.redhat.com/content/public/ubi/dist/ubi8/8/x86_64/baseos/os/Packages/l/libverto-devel-0.3.2-2.el8.x86_64.rpm
    repoid: ubi-8-baseos-rpms
    size: 18488
    checksum: sha256:b1c155902a1250ae5beebe1c37e77ff8d4ab2e414324aba15373c6e42570acc0
    name: libverto-devel
    evr: 0.3.2-2.el8
    sourcerpm: libverto-0.3.2-2.el8.src.rpm
  - url: https://cdn-ubi.redhat.com/content/public/ubi/dist/ubi8/8/x86_64/baseos/os/Packages/l/libxcrypt-devel-4.1.1-6.el8.x86_64.rpm
    repoid: ubi-8-baseos-rpms
    size: 25844
    checksum: sha256:f747e081cde1b64bd018e858928aa45dd3b160e6493f8b9c35488a19b6783a84
    name: libxcrypt-devel
    evr: 4.1.1-6.el8
    sourcerpm: libxcrypt-4.1.1-6.el8.src.rpm
  - url: https://cdn-ubi.redhat.com/content/public/ubi/dist/ubi8/8/x86_64/baseos/os/Packages/o/openssl-devel-1.1.1k-12.el8_9.x86_64.rpm
    repoid: ubi-8-baseos-rpms
    size: 2439064
    checksum: sha256:e2e9458cff5023a30e1f60789fe40fcb30f777a3f46cf9635f00c1ca4b937c4f
    name: openssl-devel
    evr: 1:1.1.1k-12.el8_9
    sourcerpm: openssl-1.1.1k-12.el8_9.src.rpm
  - url: https://cdn-ubi.redhat.com/content/public/ubi/dist/ubi8/8/x86_64/baseos/os/Packages/p/pam-1.3.1-34.el8_10.x86_64.rpm
    repoid: ubi-8-baseos-rpms
    size: 764668
    checksum: sha256:f33930343991c627aadfbabb30b3691a29fab85a3e7de2cf5cae335995eff88b
    name: pam
    evr: 1.3.1-34.el8_10
    sourcerpm: pam-1.3.1-34.el8_10.src.rpm
  - url: https://cdn-ubi.redhat.com/content/public/ubi/dist/ubi8/8/x86_64/baseos/os/Packages/p/pcre2-devel-10.32-3.el8_6.x86_64.rpm
    repoid: ubi-8-baseos-rpms
    size: 619372
    checksum: sha256:48df73d35b1c572e8f8cf9d7318a299ff007776bb5e1677447386b4dcb0e802e
    name: pcre2-devel
    evr: 10.32-3.el8_6
    sourcerpm: pcre2-10.32-3.el8_6.src.rpm
  - url: https://cdn-ubi.redhat.com/content/public/ubi/dist/ubi8/8/x86_64/baseos/os/Packages/p/pcre2-utf16-10.32-3.el8_6.x86_64.rpm
    repoid: ubi-8-baseos-rpms
    size: 234504
    checksum: sha256:91df207ab87117b29695ad94eccaa1fab29dad76e6ea459647b16ece6d4aad08
    name: pcre2-utf16
    evr: 10.32-3.el8_6
    sourcerpm: pcre2-10.32-3.el8_6.src.rpm
  - url: https://cdn-ubi.redhat.com/content/public/ubi/dist/ubi8/8/x86_64/baseos/os/Packages/p/pcre2-utf32-10.32-3.el8_6.x86_64.rpm
    repoid: ubi-8-baseos-rpms
    size: 225776
    checksum: sha256:81ca26b980903a64de28fc8ef49383e60a907aa8f573fac8788279b479480de7
    name: pcre2-utf32
    evr: 10.32-3.el8_6
    sourcerpm: pcre2-10.32-3.el8_6.src.rpm
  - url: https://cdn-ubi.redhat.com/content/public/ubi/dist/ubi8/8/x86_64/baseos/os/Packages/p/pkgconf-1.4.2-1.el8.x86_64.rpm
    repoid: ubi-8-baseos-rpms
    size: 38956
    checksum: sha256:b9d0a4c0e16db4c05b2d0690216d8c5da2db7d67bc765a00ce2a32c5f810c245
    name: pkgconf
    evr: 1.4.2-1.el8
    sourcerpm: pkgconf-1.4.2-1.el8.src.rpm
  - url: https://cdn-ubi.redhat.com/content/public/ubi/dist/ubi8/8/x86_64/baseos/os/Packages/p/pkgconf-m4-1.4.2-1.el8.noarch.rpm
    repoid: ubi-8-baseos-rpms
    size: 17484
    checksum: sha256:9a89874a5b8326c85c0b34b02c122ffc052b32a12b20354ce95859ac5296a159
    name: pkgconf-m4
    evr: 1.4.2-1.el8
    sourcerpm: pkgconf-1.4.2-1.el8.src.rpm
  - url: https://cdn-ubi.redhat.com/content/public/ubi/dist/ubi8/8/x86_64/baseos/os/Packages/p/pkgconf-pkg-config-1.4.2-1.el8.x86_64.rpm
    repoid: ubi-8-baseos-rpms
    size: 15628
    checksum: sha256:1c4a8674eafc31d36030f3fd0c081326d4301570d4e35b59d6f6ef1e163f655b
    name: pkgconf-pkg-config
    evr: 1.4.2-1.el8
    sourcerpm: pkgconf-1.4.2-1.el8.src.rpm
  - url: https://cdn-ubi.redhat.com/content/public/ubi/dist/ubi8/8/x86_64/baseos/os/Packages/z/zlib-devel-1.2.11-25.el8.x86_64.rpm
    repoid: ubi-8-baseos-rpms
    size: 59988
    checksum: sha256:c74f32f85c67944dd993ae858fb29771886ba4b84c45cfa55b4c4e46a1228a60
    name: zlib-devel
    evr: 1.2.11-25.el8
    sourcerpm: zlib-1.2.11-25.el8.src.rpm
  source:
  - url: https://cdn-ubi.redhat.com/content/public/ubi/dist/ubi8/8/x86_64/appstream/source/SRPMS/Packages/i/isl-0.16.1-6.el8.src.rpm
    repoid: ubi-8-appstream-source
    size: 2707870
    checksum: sha256:0b30f2b8493eed1143ef416bfe9224db269e282a5e7a43cad6a2d13cb6311beb
    name: isl
    evr: 0.16.1-6.el8
  - url: https://cdn-ubi.redhat.com/content/public/ubi/dist/ubi8/8/x86_64/appstream/source/SRPMS/Packages/l/libmpc-1.1.0-9.1.el8.src.rpm
    repoid: ubi-8-appstream-source
    size: 1271618
    checksum: sha256:abc6027ff19edf00eb50dd86e37facba5bd9898da9ccd8aa9cc1f934fbe68e58
    name: libmpc
    evr: 1.1.0-9.1.el8
  - url: https://cdn-ubi.redhat.com/content/public/ubi/dist/ubi8/8/x86_64/appstream/source/SRPMS/Packages/p/python39-3.9.19-1.module+el8.10.0+21815+bb024982.src.rpm
    repoid: ubi-8-appstream-source
    size: 20319974
    checksum: sha256:91b2643eedf09c2cdf6b31f6ffa52571f25ea83e7706bd7ad7abae9ca3c2fb00
    name: python39
    evr: 3.9.19-1.module+el8.10.0+21815+bb024982
  - url: https://cdn-ubi.redhat.com/content/public/ubi/dist/ubi8/8/x86_64/appstream/source/SRPMS/Packages/p/python3x-pip-20.2.4-9.module+el8.10.0+21329+8d76b841.src.rpm
    repoid: ubi-8-appstream-source
    size: 8761395
    checksum: sha256:5c8b2d4f2d710e975dfc1b72957942a516dc47e63cdf10f604e14a014757385d
    name: python3x-pip
    evr: 20.2.4-9.module+el8.10.0+21329+8d76b841
  - url: https://cdn-ubi.redhat.com/content/public/ubi/dist/ubi8/8/x86_64/appstream/source/SRPMS/Packages/p/python3x-setuptools-50.3.2-5.module+el8.10.0+20345+671a55aa.src.rpm
    repoid: ubi-8-appstream-source
    size: 2060915
    checksum: sha256:2f5d39ecdca685a9fd20ee4084b956b93cd844b0da1450087da8e09e6614c6cc
    name: python3x-setuptools
    evr: 50.3.2-5.module+el8.10.0+20345+671a55aa
  - url: https://cdn-ubi.redhat.com/content/public/ubi/dist/ubi8/8/x86_64/baseos/source/SRPMS/Packages/b/binutils-2.30-123.el8.src.rpm
    repoid: ubi-8-baseos-source
    size: 21026200
    checksum: sha256:10fdc70d7ce9d814851ab8ac8bc84e37b5152b9aaaf8ea7b9d902087e05554ff
    name: binutils
    evr: 2.30-123.el8
  - url: https://cdn-ubi.redhat.com/content/public/ubi/dist/ubi8/8/x86_64/baseos/source/SRPMS/Packages/c/cracklib-2.9.6-15.el8.src.rpm
    repoid: ubi-8-baseos-source
    size: 6423670
    checksum: sha256:835902fc3455d9e3b132ed1f8f63eefc4adf1c7d505771604ff89cb2f0116f0c
    name: cracklib
    evr: 2.9.6-15.el8
  - url: https://cdn-ubi.redhat.com/content/public/ubi/dist/ubi8/8/x86_64/baseos/source/SRPMS/Packages/e/e2fsprogs-1.45.6-5.el8.src.rpm
    repoid: ubi-8-baseos-source
    size: 5675423
    checksum: sha256:1c0771ea038777ecf84ba31cba0c3d221d39e351c1a6e7967857977c1949c792
    name: e2fsprogs
    evr: 1.45.6-5.el8
  - url: https://cdn-ubi.redhat.com/content/public/ubi/dist/ubi8/8/x86_64/baseos/source/SRPMS/Packages/e/expat-2.2.5-13.el8_10.src.rpm
    repoid: ubi-8-baseos-source
    size: 8329049
    checksum: sha256:125740fdcb70ebe0c91000086191e65aded6ab5429e9fb2b35013b54520ef4c1
    name: expat
    evr: 2.2.5-13.el8_10
  - url: https://cdn-ubi.redhat.com/content/public/ubi/dist/ubi8/8/x86_64/baseos/source/SRPMS/Packages/g/gcc-8.5.0-22.el8_10.src.rpm
    repoid: ubi-8-baseos-source
    size: 65678327
    checksum: sha256:508f1ee9a8b6c88ff58d3585bccbe65349029a5830adeebddd90a496373aebb6
    name: gcc
    evr: 8.5.0-22.el8_10
  - url: https://cdn-ubi.redhat.com/content/public/ubi/dist/ubi8/8/x86_64/baseos/source/SRPMS/Packages/g/gdbm-1.18-2.el8.src.rpm
    repoid: ubi-8-baseos-source
    size: 966590
    checksum: sha256:e91abeb46538fc264936c0eed825c28eab9eef47288c9eb1d2d4d078bccad5d1
    name: gdbm
    evr: 1:1.18-2.el8
  - url: https://cdn-ubi.redhat.com/content/public/ubi/dist/ubi8/8/x86_64/baseos/source/SRPMS/Packages/g/glibc-2.28-251.el8_10.2.src.rpm
    repoid: ubi-8-baseos-source
    size: 18427450
    checksum: sha256:4b2450706e8a7f62cc8febfb430c7debb3aa4f580d3856192a21049cacc21694
    name: glibc
    evr: 2.28-251.el8_10.2
  - url: https://cdn-ubi.redhat.com/content/public/ubi/dist/ubi8/8/x86_64/baseos/source/SRPMS/Packages/g/gzip-1.9-13.el8_5.src.rpm
    repoid: ubi-8-baseos-source
    size: 822025
    checksum: sha256:cca21983255b0d999938c7a42a43d6402ab4bce1dbd058a16d6c4a2e6b95d763
    name: gzip
    evr: 1.9-13.el8_5
  - url: https://cdn-ubi.redhat.com/content/public/ubi/dist/ubi8/8/x86_64/baseos/source/SRPMS/Packages/k/keyutils-1.5.10-9.el8.src.rpm
    repoid: ubi-8-baseos-source
    size: 103686
    checksum: sha256:8b3c331a0500880d8cd6e5ccdcb7e6600e5be5fbfe4a7a203b4acc0dbe09a562
    name: keyutils
    evr: 1.5.10-9.el8
  - url: https://cdn-ubi.redhat.com/content/public/ubi/dist/ubi8/8/x86_64/baseos/source/SRPMS/Packages/k/krb5-1.18.2-29.el8_10.src.rpm
    repoid: ubi-8-baseos-source
    size: 10363837
    checksum: sha256:45f1eba3342871209eb1cdcee5399170bfc602134f54161b36b2c0f89331a9c7
    name: krb5
    evr: 1.18.2-29.el8_10
  - url: https://cdn-ubi.redhat.com/content/public/ubi/dist/ubi8/8/x86_64/baseos/source/SRPMS/Packages/l/libffi-3.1-24.el8.src.rpm
    repoid: ubi-8-baseos-source
    size: 960384
    checksum: sha256:5f1ecf2dd9b162c2d2d526918ac1a9d5f02d4f02dea1478f7cb25538bd0c7214
    name: libffi
    evr: 3.1-24.el8
  - url: https://cdn-ubi.redhat.com/content/public/ubi/dist/ubi8/8/x86_64/baseos/source/SRPMS/Packages/l/libnsl2-1.2.0-2.20180605git4a062cf.el8.src.rpm
    repoid: ubi-8-baseos-source
    size: 147827
    checksum: sha256:db3d53543d5caab48a6c0e582a8a5b4a00ae7a6b268e2b1231ce9de80f89ddd9
    name: libnsl2
    evr: 1.2.0-2.20180605git4a062cf.el8
  - url: https://cdn-ubi.redhat.com/content/public/ubi/dist/ubi8/8/x86_64/baseos/source/SRPMS/Packages/l/libpwquality-1.4.4-6.el8.src.rpm
    repoid: ubi-8-baseos-source
    size: 443269
    checksum: sha256:79048b406a5ecf7b97286cd72c5ab8f84f91174f1741db66b0e1a24a7de66113
    name: libpwquality
    evr: 1.4.4-6.el8
  - url: https://cdn-ubi.redhat.com/content/public/ubi/dist/ubi8/8/x86_64/baseos/source/SRPMS/Packages/l/libselinux-2.9-8.el8.src.rpm
    repoid: ubi-8-baseos-source
    size: 352820
    checksum: sha256:2c650424e82c25e8ef2ef1907adbf19739770b0f06e94f2886bf1fe3166fd4f5
    name: libselinux
    evr: 2.9-8.el8
  - url: https://cdn-ubi.redhat.com/content/public/ubi/dist/ubi8/8/x86_64/baseos/source/SRPMS/Packages/l/libsepol-2.9-3.el8.src.rpm
    repoid: ubi-8-baseos-source
    size: 562616
    checksum: sha256:98d64b940c64159d3e3a18e1b25cd7b9018563db56c9ecdc7d4f4481e4dde0dc
    name: libsepol
    evr: 2.9-3.el8
  - url: https://cdn-ubi.redhat.com/content/public/ubi/dist/ubi8/8/x86_64/baseos/source/SRPMS/Packages/l/libtirpc-1.1.4-12.el8_10.src.rpm
    repoid: ubi-8-baseos-source
    size: 560689
    checksum: sha256:6bfcac057ab526f43b562f42b471f98c563456817bcda85cba058becccbee71b
    name: libtirpc
    evr: 1.1.4-12.el8_10
  - url: https://cdn-ubi.redhat.com/content/public/ubi/dist/ubi8/8/x86_64/baseos/source/SRPMS/Packages/l/libverto-0.3.2-2.el8.src.rpm
    repoid: ubi-8-baseos-source
    size: 397339
    checksum: sha256:b6b19f09348381edcd692dda7c260a728d09c65f071d68ffed18de8f12eed403
    name: libverto
    evr: 0.3.2-2.el8
  - url: https://cdn-ubi.redhat.com/content/public/ubi/dist/ubi8/8/x86_64/baseos/source/SRPMS/Packages/l/libxcrypt-4.1.1-6.el8.src.rpm
    repoid: ubi-8-baseos-source
    size: 229519
    checksum: sha256:d9803b5dd6cdbb4fd977258092cb50c48c8e28f3e3b4a0d6056c093983e17b29
    name: libxcrypt
    evr: 4.1.1-6.el8
  - url: https://cdn-ubi.redhat.com/content/public/ubi/dist/ubi8/8/x86_64/baseos/source/SRPMS/Packages/o/openssl-1.1.1k-12.el8_9.src.rpm
    repoid: ubi-8-baseos-source
    size: 7738034
    checksum: sha256:dc072a144f8e63b314f20f3ef95f9d371f51dcf31417449831adeedd48f86020
    name: openssl
    evr: 1:1.1.1k-12.el8_9
  - url: https://cdn-ubi.redhat.com/content/public/ubi/dist/ubi8/8/x86_64/baseos/source/SRPMS/Packages/p/pam-1.3.1-34.el8_10.src.rpm
    repoid: ubi-8-baseos-source
    size: 1154953
    checksum: sha256:85a47d22637bddf4884b3e64d98ed4506eb99e7d621f778e821ecb4cdd877b0f
    name: pam
    evr: 1.3.1-34.el8_10
  - url: https://cdn-ubi.redhat.com/content/public/ubi/dist/ubi8/8/x86_64/baseos/source/SRPMS/Packages/p/pcre2-10.32-3.el8_6.src.rpm
    repoid: ubi-8-baseos-source
    size: 1671843
    checksum: sha256:bd60f4e4bf7bbadef2ff329112b5267da38a271af3c88fe53c57499c402c6670
    name: pcre2
    evr: 10.32-3.el8_6
  - url: https://cdn-ubi.redhat.com/content/public/ubi/dist/ubi8/8/x86_64/baseos/source/SRPMS/Packages/p/pkgconf-1.4.2-1.el8.src.rpm
    repoid: ubi-8-baseos-source
    size: 300577
    checksum: sha256:2bbbbb503f27488cc66f935cd31a14f1eb01cd9e5fb9d52260bacdea663abb1a
    name: pkgconf
    evr: 1.4.2-1.el8
  - url: https://cdn-ubi.redhat.com/content/public/ubi/dist/ubi8/8/x86_64/baseos/source/SRPMS/Packages/z/zlib-1.2.11-25.el8.src.rpm
    repoid: ubi-8-baseos-source
    size: 565905
    checksum: sha256:d632ef6e133e08c97258fdee1642a3c24106aa03f80e3c190a9d24be8669da7f
    name: zlib
    evr: 1.2.11-25.el8
  - url: https://cdn-ubi.redhat.com/content/public/ubi/dist/ubi8/8/x86_64/baseos/os/Packages/l/libsemanage-2.9-9.el8_6.x86_64.rpm
    repoid: ubi-8-baseos-rpms
    size: 172128
    checksum: sha256:1f686a73273028ca85b5a6ac858292d7b7d2fcbe379d6912ba12fc0a49ac4cce
    name: libsemanage
    evr: 2.9-9.el8_6
    sourcerpm: libsemanage-2.9-9.el8_6.src.rpm
  - url: https://cdn-ubi.redhat.com/content/public/ubi/dist/ubi8/8/x86_64/baseos/os/Packages/s/shadow-utils-4.6-22.el8.x86_64.rpm
    repoid: ubi-8-baseos-rpms
    size: 1292332
    checksum: sha256:ea73ee201451bbca0d6d14ca434c93800f01c8fb1b9daef727a5af1a27356d07
    name: shadow-utils
    evr: 2:4.6-22.el8
    sourcerpm: shadow-utils-4.6-22.el8.src.rpm
